{
  "nodes": {
    "dev-python": {
      "inputs": {
        "nixpkgs": [
          "nixpkgs"
        ]
      },
      "locked": {
        "dir": "python",
        "lastModified": 1772621537,
        "narHash": "sha256-/jBAYzRIRkXwykuNrIUqvh6HzWEiMwc+WBswuO5MB94=",
        "owner": "agoose77",
        "repo": "dev-flakes",
        "rev": "45e941722640b75cb55af326151c8a9af52f598b",
        "type": "github"
      },
      "original": {
        "dir": "python",
        "owner": "agoose77",
        "ref": "v10",
        "repo": "dev-flakes",
        "type": "github"
      }
    },
    "nixpkgs": {
      "locked": {
        "lastModified": 1781074563,
        "narHash": "sha256-md8WlXOlfnIeHeOScMTTHFyf2d6iaTwPl2apR5EQ3P4=",
        "owner": "NixOS",
        "repo": "nixpkgs",
        "rev": "9ae611a455b90cf061d8f332b977e387bda8e1ca",
        "type": "github"
      },
      "original": {
        "owner": "NixOS",
        "ref": "nixos-unstable",
        "repo": "nixpkgs",
        "type": "github"
      }
    },
    "root": {
      "inputs": {
        "dev-python": "dev-python",
        "nixpkgs": "nixpkgs"
      }
    }
  },
  "root": "root",
  "version": 7
}
